
Microsoft Visual Studio Solution File, Format Version 12.00
# Visual Studio 15
VisualStudioVersion = 15.0.27130.2027
MinimumVisualStudioVersion = 10.0.40219.1
Project("{FAE04EC0-301F-11D3-BF4B-00C04F79EFBC}") = "KL-Projekti", "KL-Projekti.csproj", "{A611A932-0E00-4B6D-99AB-CA2F47E6947C}"
EndProject
Global
	GlobalSection(SolutionConfigurationPlatforms) = preSolution
		Debug|Any CPU = Debug|Any CPU
		Release|Any CPU = Release|Any CPU
	EndGlobalSection
	GlobalSection(ProjectConfigurationPlatforms) = postSolution
		{A611A932-0E00-4B6D-99AB-CA2F47E6947C}.Debug|Any CPU.ActiveCfg = Debug|Any CPU
		{A611A932-0E00-4B6D-99AB-CA2F47E6947C}.Debug|Any CPU.Build.0 = Debug|Any CPU
		{A611A932-0E00-4B6D-99AB-CA2F47E6947C}.Release|Any CPU.ActiveCfg = Release|Any CPU
		{A611A932-0E00-4B6D-99AB-CA2F47E6947C}.Release|Any CPU.Build.0 = Release|Any CPU
	EndGlobalSection
	GlobalSection(SolutionProperties) = preSolution
		HideSolutionNode = FALSE
	EndGlobalSection
	GlobalSection(ExtensibilityGlobals) = postSolution
		SolutionGuid = {91F2B023-2AE0-4223-BFB3-FB0B30931ACB}
	EndGlobalSection
EndGlobal
